
Microsoft Visual Studio Solution File, Format Version 12.00
# Visual Studio 14
VisualStudioVersion = 14.0.25123.0
MinimumVisualStudioVersion = 10.0.40219.1
Project("{FAE04EC0-301F-11D3-BF4B-00C04F79EFBC}") = "FilenameBuddy.DesktopGL", "Filename.DesktopGL\FilenameBuddy.DesktopGL.csproj", "{1C84E17D-9A9B-4C81-BD49-CE6FFF7116AD}"
EndProject
Project("{FAE04EC0-301F-11D3-BF4B-00C04F79EFBC}") = "FilenameBuddy.Android", "Filename.Android\FilenameBuddy.Android.csproj", "{015C079F-E42A-415F-8352-E9B3FC008F8D}"
EndProject
Project("{FAE04EC0-301F-11D3-BF4B-00C04F79EFBC}") = "FilenameBuddy.Tests", "Filename.Tests\FilenameBuddy.Tests.csproj", "{5D1E51A0-1789-4599-A75D-BA5B391F2D54}"
EndProject
Project("{FAE04EC0-301F-11D3-BF4B-00C04F79EFBC}") = "FilenameBuddy.iOS", "Filename.iOS\FilenameBuddy.iOS.csproj", "{2662F245-95BF-4635-988C-5BBE1CA31093}"
EndProject
Project("{FAE04EC0-301F-11D3-BF4B-00C04F79EFBC}") = "FilenameBuddy.WindowsUniversal", "Filename.WindowsUniversal\FilenameBuddy.WindowsUniversal.csproj", "{6951C9DF-6789-47E2-986E-C32C73A0B86A}"
EndProject
Global
	GlobalSection(SolutionConfigurationPlatforms) = preSolution
		AppStore|Any CPU = AppStore|Any CPU
		AppStore|ARM = AppStore|ARM
		AppStore|x64 = AppStore|x64
		AppStore|x86 = AppStore|x86
		Debug|Any CPU = Debug|Any CPU
		Debug|ARM = Debug|ARM
		Debug|x64 = Debug|x64
		Debug|x86 = Debug|x86
		Release|Any CPU = Release|Any CPU
		Release|ARM = Release|ARM
		Release|x64 = Release|x64
		Release|x86 = Release|x86
	EndGlobalSection
	GlobalSection(ProjectConfigurationPlatforms) = postSolution
		{1C84E17D-9A9B-4C81-BD49-CE6FFF7116AD}.AppStore|Any CPU.ActiveCfg = Release|Any CPU
		{1C84E17D-9A9B-4C81-BD49-CE6FFF7116AD}.AppStore|Any CPU.Build.0 = Release|Any CPU
		{1C84E17D-9A9B-4C81-BD49-CE6FFF7116AD}.AppStore|ARM.ActiveCfg = Debug|Any CPU
		{1C84E17D-9A9B-4C81-BD49-CE6FFF7116AD}.AppStore|ARM.Build.0 = Debug|Any CPU
		{1C84E17D-9A9B-4C81-BD49-CE6FFF7116AD}.AppStore|x64.ActiveCfg = Debug|Any CPU
		{1C84E17D-9A9B-4C81-BD49-CE6FFF7116AD}.AppStore|x64.Build.0 = Debug|Any CPU
		{1C84E17D-9A9B-4C81-BD49-CE6FFF7116AD}.AppStore|x86.ActiveCfg = Debug|Any CPU
		{1C84E17D-9A9B-4C81-BD49-CE6FFF7116AD}.AppStore|x86.Build.0 = Debug|Any CPU
		{1C84E17D-9A9B-4C81-BD49-CE6FFF7116AD}.Debug|Any CPU.ActiveCfg = Debug|Any CPU
		{1C84E17D-9A9B-4C81-BD49-CE6FFF7116AD}.Debug|Any CPU.Build.0 = Debug|Any CPU
		{1C84E17D-9A9B-4C81-BD49-CE6FFF7116AD}.Debug|ARM.ActiveCfg = Debug|Any CPU
		{1C84E17D-9A9B-4C81-BD49-CE6FFF7116AD}.Debug|ARM.Build.0 = Debug|Any CPU
		{1C84E17D-9A9B-4C81-BD49-CE6FFF7116AD}.Debug|x64.ActiveCfg = Debug|Any CPU
		{1C84E17D-9A9B-4C81-BD49-CE6FFF7116AD}.Debug|x64.Build.0 = Debug|Any CPU
		{1C84E17D-9A9B-4C81-BD49-CE6FFF7116AD}.Debug|x86.ActiveCfg = Debug|Any CPU
		{1C84E17D-9A9B-4C81-BD49-CE6FFF7116AD}.Debug|x86.Build.0 = Debug|Any CPU
		{1C84E17D-9A9B-4C81-BD49-CE6FFF7116AD}.Release|Any CPU.ActiveCfg = Release|Any CPU
		{1C84E17D-9A9B-4C81-BD49-CE6FFF7116AD}.Release|Any CPU.Build.0 = Release|Any CPU
		{1C84E17D-9A9B-4C81-BD49-CE6FFF7116AD}.Release|ARM.ActiveCfg = Release|Any CPU
		{1C84E17D-9A9B-4C81-BD49-CE6FFF7116AD}.Release|ARM.Build.0 = Release|Any CPU
		{1C84E17D-9A9B-4C81-BD49-CE6FFF7116AD}.Release|x64.ActiveCfg = Release|Any CPU
		{1C84E17D-9A9B-4C81-BD49-CE6FFF7116AD}.Release|x64.Build.0 = Release|Any CPU
		{1C84E17D-9A9B-4C81-BD49-CE6FFF7116AD}.Release|x86.ActiveCfg = Release|Any CPU
		{1C84E17D-9A9B-4C81-BD49-CE6FFF7116AD}.Release|x86.Build.0 = Release|Any CPU
		{015C079F-E42A-415F-8352-E9B3FC008F8D}.AppStore|Any CPU.ActiveCfg = Release|Any CPU
		{015C079F-E42A-415F-8352-E9B3FC008F8D}.AppStore|Any CPU.Build.0 = Release|Any CPU
		{015C079F-E42A-415F-8352-E9B3FC008F8D}.AppStore|ARM.ActiveCfg = Debug|Any CPU
		{015C079F-E42A-415F-8352-E9B3FC008F8D}.AppStore|ARM.Build.0 = Debug|Any CPU
		{015C079F-E42A-415F-8352-E9B3FC008F8D}.AppStore|x64.ActiveCfg = Debug|Any CPU
		{015C079F-E42A-415F-8352-E9B3FC008F8D}.AppStore|x64.Build.0 = Debug|Any CPU
		{015C079F-E42A-415F-8352-E9B3FC008F8D}.AppStore|x86.ActiveCfg = Debug|Any CPU
		{015C079F-E42A-415F-8352-E9B3FC008F8D}.AppStore|x86.Build.0 = Debug|Any CPU
		{015C079F-E42A-415F-8352-E9B3FC008F8D}.Debug|Any CPU.ActiveCfg = Debug|Any CPU
		{015C079F-E42A-415F-8352-E9B3FC008F8D}.Debug|Any CPU.Build.0 = Debug|Any CPU
		{015C079F-E42A-415F-8352-E9B3FC008F8D}.Debug|ARM.ActiveCfg = Debug|Any CPU
		{015C079F-E42A-415F-8352-E9B3FC008F8D}.Debug|ARM.Build.0 = Debug|Any CPU
		{015C079F-E42A-415F-8352-E9B3FC008F8D}.Debug|x64.ActiveCfg = Debug|Any CPU
		{015C079F-E42A-415F-8352-E9B3FC008F8D}.Debug|x64.Build.0 = Debug|Any CPU
		{015C079F-E42A-415F-8352-E9B3FC008F8D}.Debug|x86.ActiveCfg = Debug|Any CPU
		{015C079F-E42A-415F-8352-E9B3FC008F8D}.Debug|x86.Build.0 = Debug|Any CPU
		{015C079F-E42A-415F-8352-E9B3FC008F8D}.Release|Any CPU.ActiveCfg = Release|Any CPU
		{015C079F-E42A-415F-8352-E9B3FC008F8D}.Release|Any CPU.Build.0 = Release|Any CPU
		{015C079F-E42A-415F-8352-E9B3FC008F8D}.Release|ARM.ActiveCfg = Release|Any CPU
		{015C079F-E42A-415F-8352-E9B3FC008F8D}.Release|ARM.Build.0 = Release|Any CPU
		{015C079F-E42A-415F-8352-E9B3FC008F8D}.Release|x64.ActiveCfg = Release|Any CPU
		{015C079F-E42A-415F-8352-E9B3FC008F8D}.Release|x64.Build.0 = Release|Any CPU
		{015C079F-E42A-415F-8352-E9B3FC008F8D}.Release|x86.ActiveCfg = Release|Any CPU
		{015C079F-E42A-415F-8352-E9B3FC008F8D}.Release|x86.Build.0 = Release|Any CPU
		{5D1E51A0-1789-4599-A75D-BA5B391F2D54}.AppStore|Any CPU.ActiveCfg = Release|Any CPU
		{5D1E51A0-1789-4599-A75D-BA5B391F2D54}.AppStore|Any CPU.Build.0 = Release|Any CPU
		{5D1E51A0-1789-4599-A75D-BA5B391F2D54}.AppStore|ARM.ActiveCfg = Debug|Any CPU
		{5D1E51A0-1789-4599-A75D-BA5B391F2D54}.AppStore|ARM.Build.0 = Debug|Any CPU
		{5D1E51A0-1789-4599-A75D-BA5B391F2D54}.AppStore|x64.ActiveCfg = Debug|Any CPU
		{5D1E51A0-1789-4599-A75D-BA5B391F2D54}.AppStore|x64.Build.0 = Debug|Any CPU
		{5D1E51A0-1789-4599-A75D-BA5B391F2D54}.AppStore|x86.ActiveCfg = Debug|Any CPU
		{5D1E51A0-1789-4599-A75D-BA5B391F2D54}.AppStore|x86.Build.0 = Debug|Any CPU
		{5D1E51A0-1789-4599-A75D-BA5B391F2D54}.Debug|Any CPU.ActiveCfg = Debug|Any CPU
		{5D1E51A0-1789-4599-A75D-BA5B391F2D54}.Debug|Any CPU.Build.0 = Debug|Any CPU
		{5D1E51A0-1789-4599-A75D-BA5B391F2D54}.Debug|ARM.ActiveCfg = Debug|Any CPU
		{5D1E51A0-1789-4599-A75D-BA5B391F2D54}.Debug|ARM.Build.0 = Debug|Any CPU
		{5D1E51A0-1789-4599-A75D-BA5B391F2D54}.Debug|x64.ActiveCfg = Debug|Any CPU
		{5D1E51A0-1789-4599-A75D-BA5B391F2D54}.Debug|x64.Build.0 = Debug|Any CPU
		{5D1E51A0-1789-4599-A75D-BA5B391F2D54}.Debug|x86.ActiveCfg = Debug|Any CPU
		{5D1E51A0-1789-4599-A75D-BA5B391F2D54}.Debug|x86.Build.0 = Debug|Any CPU
		{5D1E51A0-1789-4599-A75D-BA5B391F2D54}.Release|Any CPU.ActiveCfg = Release|Any CPU
		{5D1E51A0-1789-4599-A75D-BA5B391F2D54}.Release|Any CPU.Build.0 = Release|Any CPU
		{5D1E51A0-1789-4599-A75D-BA5B391F2D54}.Release|ARM.ActiveCfg = Release|Any CPU
		{5D1E51A0-1789-4599-A75D-BA5B391F2D54}.Release|ARM.Build.0 = Release|Any CPU
		{5D1E51A0-1789-4599-A75D-BA5B391F2D54}.Release|x64.ActiveCfg = Release|Any CPU
		{5D1E51A0-1789-4599-A75D-BA5B391F2D54}.Release|x64.Build.0 = Release|Any CPU
		{5D1E51A0-1789-4599-A75D-BA5B391F2D54}.Release|x86.ActiveCfg = Release|Any CPU
		{5D1E51A0-1789-4599-A75D-BA5B391F2D54}.Release|x86.Build.0 = Release|Any CPU
		{2662F245-95BF-4635-988C-5BBE1CA31093}.AppStore|Any CPU.ActiveCfg = AppStore|Any CPU
		{2662F245-95BF-4635-988C-5BBE1CA31093}.AppStore|Any CPU.Build.0 = AppStore|Any CPU
		{2662F245-95BF-4635-988C-5BBE1CA31093}.AppStore|ARM.ActiveCfg = AppStore|Any CPU
		{2662F245-95BF-4635-988C-5BBE1CA31093}.AppStore|ARM.Build.0 = AppStore|Any CPU
		{2662F245-95BF-4635-988C-5BBE1CA31093}.AppStore|x64.ActiveCfg = AppStore|Any CPU
		{2662F245-95BF-4635-988C-5BBE1CA31093}.AppStore|x64.Build.0 = AppStore|Any CPU
		{2662F245-95BF-4635-988C-5BBE1CA31093}.AppStore|x86.ActiveCfg = AppStore|Any CPU
		{2662F245-95BF-4635-988C-5BBE1CA31093}.AppStore|x86.Build.0 = AppStore|Any CPU
		{2662F245-95BF-4635-988C-5BBE1CA31093}.Debug|Any CPU.ActiveCfg = Debug|Any CPU
		{2662F245-95BF-4635-988C-5BBE1CA31093}.Debug|Any CPU.Build.0 = Debug|Any CPU
		{2662F245-95BF-4635-988C-5BBE1CA31093}.Debug|ARM.ActiveCfg = Debug|Any CPU
		{2662F245-95BF-4635-988C-5BBE1CA31093}.Debug|ARM.Build.0 = Debug|Any CPU
		{2662F245-95BF-4635-988C-5BBE1CA31093}.Debug|x64.ActiveCfg = Debug|Any CPU
		{2662F245-95BF-4635-988C-5BBE1CA31093}.Debug|x64.Build.0 = Debug|Any CPU
		{2662F245-95BF-4635-988C-5BBE1CA31093}.Debug|x86.ActiveCfg = Debug|Any CPU
		{2662F245-95BF-4635-988C-5BBE1CA31093}.Debug|x86.Build.0 = Debug|Any CPU
		{2662F245-95BF-4635-988C-5BBE1CA31093}.Release|Any CPU.ActiveCfg = Release|Any CPU
		{2662F245-95BF-4635-988C-5BBE1CA31093}.Release|Any CPU.Build.0 = Release|Any CPU
		{2662F245-95BF-4635-988C-5BBE1CA31093}.Release|ARM.ActiveCfg = Release|Any CPU
		{2662F245-95BF-4635-988C-5BBE1CA31093}.Release|ARM.Build.0 = Release|Any CPU
		{2662F245-95BF-4635-988C-5BBE1CA31093}.Release|x64.ActiveCfg = Release|Any CPU
		{2662F245-95BF-4635-988C-5BBE1CA31093}.Release|x64.Build.0 = Release|Any CPU
		{2662F245-95BF-4635-988C-5BBE1CA31093}.Release|x86.ActiveCfg = Release|Any CPU
		{2662F245-95BF-4635-988C-5BBE1CA31093}.Release|x86.Build.0 = Release|Any CPU
		{6951C9DF-6789-47E2-986E-C32C73A0B86A}.AppStore|Any CPU.ActiveCfg = Release|Any CPU
		{6951C9DF-6789-47E2-986E-C32C73A0B86A}.AppStore|Any CPU.Build.0 = Release|Any CPU
		{6951C9DF-6789-47E2-986E-C32C73A0B86A}.AppStore|ARM.ActiveCfg = Release|ARM
		{6951C9DF-6789-47E2-986E-C32C73A0B86A}.AppStore|ARM.Build.0 = Release|ARM
		{6951C9DF-6789-47E2-986E-C32C73A0B86A}.AppStore|x64.ActiveCfg = Release|x64
		{6951C9DF-6789-47E2-986E-C32C73A0B86A}.AppStore|x64.Build.0 = Release|x64
		{6951C9DF-6789-47E2-986E-C32C73A0B86A}.AppStore|x86.ActiveCfg = Release|x86
		{6951C9DF-6789-47E2-986E-C32C73A0B86A}.AppStore|x86.Build.0 = Release|x86
		{6951C9DF-6789-47E2-986E-C32C73A0B86A}.Debug|Any CPU.ActiveCfg = Debug|Any CPU
		{6951C9DF-6789-47E2-986E-C32C73A0B86A}.Debug|Any CPU.Build.0 = Debug|Any CPU
		{6951C9DF-6789-47E2-986E-C32C73A0B86A}.Debug|ARM.ActiveCfg = Debug|ARM
		{6951C9DF-6789-47E2-986E-C32C73A0B86A}.Debug|ARM.Build.0 = Debug|ARM
		{6951C9DF-6789-47E2-986E-C32C73A0B86A}.Debug|x64.ActiveCfg = Debug|x64
		{6951C9DF-6789-47E2-986E-C32C73A0B86A}.Debug|x64.Build.0 = Debug|x64
		{6951C9DF-6789-47E2-986E-C32C73A0B86A}.Debug|x86.ActiveCfg = Debug|x86
		{6951C9DF-6789-47E2-986E-C32C73A0B86A}.Debug|x86.Build.0 = Debug|x86
		{6951C9DF-6789-47E2-986E-C32C73A0B86A}.Release|Any CPU.ActiveCfg = Release|Any CPU
		{6951C9DF-6789-47E2-986E-C32C73A0B86A}.Release|Any CPU.Build.0 = Release|Any CPU
		{6951C9DF-6789-47E2-986E-C32C73A0B86A}.Release|ARM.ActiveCfg = Release|ARM
		{6951C9DF-6789-47E2-986E-C32C73A0B86A}.Release|ARM.Build.0 = Release|ARM
		{6951C9DF-6789-47E2-986E-C32C73A0B86A}.Release|x64.ActiveCfg = Release|x64
		{6951C9DF-6789-47E2-986E-C32C73A0B86A}.Release|x64.Build.0 = Release|x64
		{6951C9DF-6789-47E2-986E-C32C73A0B86A}.Release|x86.ActiveCfg = Release|x86
		{6951C9DF-6789-47E2-986E-C32C73A0B86A}.Release|x86.Build.0 = Release|x86
	EndGlobalSection
	GlobalSection(SolutionProperties) = preSolution
		HideSolutionNode = FALSE
	EndGlobalSection
EndGlobal
